# This file is automatically @generated by Poetry 2.1.2 and should not be changed by hand.

[[package]]
name = "bibtexparser"
version = "1.4.3"
description = "Bibtex parser for python 3"
optional = false
python-versions = "*"
groups = ["main"]
files = [
    {file = "bibtexparser-1.4.3.tar.gz", hash = "sha256:a9c7ded64bc137720e4df0b1b7f12734edc1361185f1c9097048ff7c35af2b8f"},
]

[package.dependencies]
pyparsing = ">=2.0.3"

[[package]]
name = "latexcodec"
version = "3.0.0"
description = "A lexer and codec to work with LaTeX code in Python."
optional = false
python-versions = ">=3.7"
groups = ["main"]
files = [
    {file = "latexcodec-3.0.0-py3-none-any.whl", hash = "sha256:6f3477ad5e61a0a99bd31a6a370c34e88733a6bad9c921a3ffcfacada12f41a7"},
    {file = "latexcodec-3.0.0.tar.gz", hash = "sha256:917dc5fe242762cc19d963e6548b42d63a118028cdd3361d62397e3b638b6bc5"},
]

[[package]]
name = "pyparsing"
version = "3.2.3"
description = "pyparsing module - Classes and methods to define and execute parsing grammars"
optional = false
python-versions = ">=3.9"
groups = ["main"]
files = [
    {file = "pyparsing-3.2.3-py3-none-any.whl", hash = "sha256:a749938e02d6fd0b59b356ca504a24982314bb090c383e3cf201c95ef7e2bfcf"},
    {file = "pyparsing-3.2.3.tar.gz", hash = "sha256:b9c13f1ab8b3b542f72e28f634bad4de758ab3ce4546e4301970ad6fa77c38be"},
]

[package.extras]
diagrams = ["jinja2", "railroad-diagrams"]

[metadata]
lock-version = "2.1"
python-versions = ">=3.13"
content-hash = "0269876c30ba0b93470b22b0dad746ef00582fac7fb6ec61fe56bbf2375035f4"
